
Microsoft Visual Studio Solution File, Format Version 12.00
# Visual Studio Version 17
VisualStudioVersion = 17.8.34316.72
MinimumVisualStudioVersion = 10.0.40219.1
Project("{FAE04EC0-301F-11D3-BF4B-00C04F79EFBC}") = "Jokenpo", "Jokenpo\Jokenpo.csproj", "{A83694ED-8CEB-4470-A966-0462B5FB5B31}"
EndProject
Project("{FAE04EC0-301F-11D3-BF4B-00C04F79EFBC}") = "Jokenpo_Dominio", "Jokenpo_Dominio\Jokenpo_Dominio.csproj", "{28734CBA-1408-42F5-BFDA-250F9FA09EF7}"
EndProject
Project("{FAE04EC0-301F-11D3-BF4B-00C04F79EFBC}") = "JokenpoTest", "JokenpoTest\JokenpoTest.csproj", "{F593D58C-DB5A-487D-8FD7-B3980921EFC9}"
EndProject
Global
	GlobalSection(SolutionConfigurationPlatforms) = preSolution
		Debug|Any CPU = Debug|Any CPU
		Release|Any CPU = Release|Any CPU
	EndGlobalSection
	GlobalSection(ProjectConfigurationPlatforms) = postSolution
		{A83694ED-8CEB-4470-A966-0462B5FB5B31}.Debug|Any CPU.ActiveCfg = Debug|Any CPU
		{A83694ED-8CEB-4470-A966-0462B5FB5B31}.Debug|Any CPU.Build.0 = Debug|Any CPU
		{A83694ED-8CEB-4470-A966-0462B5FB5B31}.Release|Any CPU.ActiveCfg = Release|Any CPU
		{A83694ED-8CEB-4470-A966-0462B5FB5B31}.Release|Any CPU.Build.0 = Release|Any CPU
		{28734CBA-1408-42F5-BFDA-250F9FA09EF7}.Debug|Any CPU.ActiveCfg = Debug|Any CPU
		{28734CBA-1408-42F5-BFDA-250F9FA09EF7}.Debug|Any CPU.Build.0 = Debug|Any CPU
		{28734CBA-1408-42F5-BFDA-250F9FA09EF7}.Release|Any CPU.ActiveCfg = Release|Any CPU
		{28734CBA-1408-42F5-BFDA-250F9FA09EF7}.Release|Any CPU.Build.0 = Release|Any CPU
		{F593D58C-DB5A-487D-8FD7-B3980921EFC9}.Debug|Any CPU.ActiveCfg = Debug|Any CPU
		{F593D58C-DB5A-487D-8FD7-B3980921EFC9}.Debug|Any CPU.Build.0 = Debug|Any CPU
		{F593D58C-DB5A-487D-8FD7-B3980921EFC9}.Release|Any CPU.ActiveCfg = Release|Any CPU
		{F593D58C-DB5A-487D-8FD7-B3980921EFC9}.Release|Any CPU.Build.0 = Release|Any CPU
	EndGlobalSection
	GlobalSection(SolutionProperties) = preSolution
		HideSolutionNode = FALSE
	EndGlobalSection
	GlobalSection(ExtensibilityGlobals) = postSolution
		SolutionGuid = {FFCCF777-AF82-422D-AC2D-A69197CE9AA8}
	EndGlobalSection
EndGlobal
